
Microsoft Visual Studio Solution File, Format Version 12.00
# Visual Studio Version 17
VisualStudioVersion = 17.0.31903.59
MinimumVisualStudioVersion = 10.0.40219.1
Project("{F2A71F9B-5D33-465A-A702-920D77279786}") = "src", "src\src.fsproj", "{B6807554-26A8-44C1-9B51-4F29F66E439D}"
EndProject
Project("{F2A71F9B-5D33-465A-A702-920D77279786}") = "tests", "tests\tests.fsproj", "{48FCE2C1-5013-4574-8006-C56FEECEDBB5}"
EndProject
Global
	GlobalSection(SolutionConfigurationPlatforms) = preSolution
		Debug|Any CPU = Debug|Any CPU
		Release|Any CPU = Release|Any CPU
	EndGlobalSection
	GlobalSection(SolutionProperties) = preSolution
		HideSolutionNode = FALSE
	EndGlobalSection
	GlobalSection(ProjectConfigurationPlatforms) = postSolution
		{B6807554-26A8-44C1-9B51-4F29F66E439D}.Debug|Any CPU.ActiveCfg = Debug|Any CPU
		{B6807554-26A8-44C1-9B51-4F29F66E439D}.Debug|Any CPU.Build.0 = Debug|Any CPU
		{B6807554-26A8-44C1-9B51-4F29F66E439D}.Release|Any CPU.ActiveCfg = Release|Any CPU
		{B6807554-26A8-44C1-9B51-4F29F66E439D}.Release|Any CPU.Build.0 = Release|Any CPU
		{48FCE2C1-5013-4574-8006-C56FEECEDBB5}.Debug|Any CPU.ActiveCfg = Debug|Any CPU
		{48FCE2C1-5013-4574-8006-C56FEECEDBB5}.Debug|Any CPU.Build.0 = Debug|Any CPU
		{48FCE2C1-5013-4574-8006-C56FEECEDBB5}.Release|Any CPU.ActiveCfg = Release|Any CPU
		{48FCE2C1-5013-4574-8006-C56FEECEDBB5}.Release|Any CPU.Build.0 = Release|Any CPU
	EndGlobalSection
EndGlobal
